
Microsoft Visual Studio Solution File, Format Version 12.00
# Visual Studio Version 17
VisualStudioVersion = 17.3.32804.467
MinimumVisualStudioVersion = 10.0.40219.1
Project("{FAE04EC0-301F-11D3-BF4B-00C04F79EFBC}") = "ConsoleApp10", "ConsoleApp10.csproj", "{FF82A4A3-B67F-466E-BABA-8CAC237FC4CA}"
EndProject
Global
	GlobalSection(SolutionConfigurationPlatforms) = preSolution
		Debug|Any CPU = Debug|Any CPU
		Release|Any CPU = Release|Any CPU
	EndGlobalSection
	GlobalSection(ProjectConfigurationPlatforms) = postSolution
		{FF82A4A3-B67F-466E-BABA-8CAC237FC4CA}.Debug|Any CPU.ActiveCfg = Debug|Any CPU
		{FF82A4A3-B67F-466E-BABA-8CAC237FC4CA}.Debug|Any CPU.Build.0 = Debug|Any CPU
		{FF82A4A3-B67F-466E-BABA-8CAC237FC4CA}.Release|Any CPU.ActiveCfg = Release|Any CPU
		{FF82A4A3-B67F-466E-BABA-8CAC237FC4CA}.Release|Any CPU.Build.0 = Release|Any CPU
	EndGlobalSection
	GlobalSection(SolutionProperties) = preSolution
		HideSolutionNode = FALSE
	EndGlobalSection
	GlobalSection(ExtensibilityGlobals) = postSolution
		SolutionGuid = {CE57EB6B-41E3-42F0-8C2D-8E83B5E80348}
	EndGlobalSection
EndGlobal
